
Microsoft Visual Studio Solution File, Format Version 12.00
# Visual Studio Version 16
VisualStudioVersion = 16.0.28714.193
MinimumVisualStudioVersion = 10.0.40219.1
Project("{2150E333-8FDC-42A3-9474-1A3956D46DE8}") = "Core", "Core", "{0FEB6ADF-29FD-48CE-AE0F-9E19E9209795}"
EndProject
Project("{2150E333-8FDC-42A3-9474-1A3956D46DE8}") = "Src", "Src", "{4B785E7E-2F35-4198-BD73-D2B861E5518A}"
EndProject
Project("{2150E333-8FDC-42A3-9474-1A3956D46DE8}") = "Infrastructure", "Infrastructure", "{1EC1EEFF-3888-4125-9229-623C564F3E7E}"
EndProject
Project("{2150E333-8FDC-42A3-9474-1A3956D46DE8}") = "Presentation", "Presentation", "{833DEA57-A970-418C-831C-2355B8294766}"
EndProject
Project("{2150E333-8FDC-42A3-9474-1A3956D46DE8}") = "Tests", "Tests", "{9FEDAEFB-297C-4201-8FAA-F502F94CAFED}"
EndProject
Project("{9A19103F-16F7-4668-BE54-9A1E7A4F7556}") = "Common", "Src\Common\Common.csproj", "{3C7E8164-A2CE-471A-9C15-E1A74E4BE9D9}"
EndProject
Project("{9A19103F-16F7-4668-BE54-9A1E7A4F7556}") = "Domain", "Src\Domain\Domain.csproj", "{0A18018C-95CA-43CB-BFBF-5DB086E93009}"
EndProject
Project("{9A19103F-16F7-4668-BE54-9A1E7A4F7556}") = "Application", "Src\Application\Application.csproj", "{5FB1A4D7-D13E-47C3-9152-3890B8CA9C37}"
EndProject
Project("{2150E333-8FDC-42A3-9474-1A3956D46DE8}") = "Docs", "Docs", "{36DA64CD-41D5-48FD-8AFE-EBBF8EFD57ED}"
	ProjectSection(SolutionItems) = preProject
		README.md = README.md
		Docs\Slides.pdf = Docs\Slides.pdf
	EndProjectSection
EndProject
Project("{9A19103F-16F7-4668-BE54-9A1E7A4F7556}") = "Infrastructure", "Src\Infrastructure\Infrastructure.csproj", "{1C11E54E-54DB-47A2-9D10-03AFDA347F22}"
EndProject
Project("{9A19103F-16F7-4668-BE54-9A1E7A4F7556}") = "Persistence", "Src\Persistence\Persistence.csproj", "{34BB0A51-74B9-46B6-BEAA-94A914F552EE}"
EndProject
Project("{9A19103F-16F7-4668-BE54-9A1E7A4F7556}") = "WebUI", "Src\WebUI\WebUI.csproj", "{B3A105C1-F3E0-4290-A330-D0D3F29D2B26}"
EndProject
Project("{9A19103F-16F7-4668-BE54-9A1E7A4F7556}") = "Application.UnitTests", "Tests\Application.UnitTests\Application.UnitTests.csproj", "{69E657A0-DE8D-4BA4-B9A9-77C8332321C6}"
EndProject
Project("{9A19103F-16F7-4668-BE54-9A1E7A4F7556}") = "Domain.UnitTests", "Tests\Domain.UnitTests\Domain.UnitTests.csproj", "{FD68C950-322B-467C-82A6-99C084BAB50B}"
EndProject
Project("{9A19103F-16F7-4668-BE54-9A1E7A4F7556}") = "WebUI.IntegrationTests", "Tests\WebUI.IntegrationTests\WebUI.IntegrationTests.csproj", "{22B85BF9-27F9-4C0C-AB6D-C05014C022E5}"
EndProject
Project("{9A19103F-16F7-4668-BE54-9A1E7A4F7556}") = "Persistence.IntegrationTests", "Tests\Persistence.IntegrationTests\Persistence.IntegrationTests.csproj", "{FCFF633E-3675-41FE-8A2C-18009C744C00}"
EndProject
Project("{2150E333-8FDC-42A3-9474-1A3956D46DE8}") = "DotNext2020", "DotNext2020", "{D58D6508-32EF-440C-8077-EA9D225E2FD1}"
EndProject
Project("{2150E333-8FDC-42A3-9474-1A3956D46DE8}") = "3 UseCases", "3 UseCases", "{8B93B054-E8B3-4A5E-91D4-BD96C6DE9450}"
EndProject
Project("{2150E333-8FDC-42A3-9474-1A3956D46DE8}") = "SingleProject", "SingleProject", "{C3F694E9-E850-488E-93B8-5752827F59F7}"
EndProject
Project("{2150E333-8FDC-42A3-9474-1A3956D46DE8}") = "5 Infrastructure Implementation", "5 Infrastructure Implementation", "{1BD5A434-68BD-425D-84AC-A1A24DD628E7}"
EndProject
Project("{9A19103F-16F7-4668-BE54-9A1E7A4F7556}") = "Dotnext.Infrastructure.Interfaces", "DotNext2020\Infrastructure\Dotnext.Infrastructure.Interfaces\Dotnext.Infrastructure.Interfaces.csproj", "{6BC31011-6833-43B2-8A72-70760FD4042F}"
EndProject
Project("{2150E333-8FDC-42A3-9474-1A3956D46DE8}") = "4 Controllers", "4 Controllers", "{5E3E8A40-10EB-4E91-B0A0-D3DC824E4A53}"
EndProject
Project("{9A19103F-16F7-4668-BE54-9A1E7A4F7556}") = "Dotnext.Infrastructure.Csv.Interfaces", "DotNext2020\Infrastructure\Dotnext.Infrastructure.Csv.Interfaces\Dotnext.Infrastructure.Csv.Interfaces.csproj", "{C1ED3B31-2F7C-4EFB-8024-D0795D8B852A}"
EndProject
Project("{9A19103F-16F7-4668-BE54-9A1E7A4F7556}") = "Dotnext.Infrastructure.Notifications.Interfaces", "DotNext2020\Infrastructure\Dotnext.Infrastructure.Notifications.Interfaces\Dotnext.Infrastructure.Notifications.Interfaces.csproj", "{E56BDE05-27ED-4704-A573-C0BCD2C90A6F}"
EndProject
Project("{9A19103F-16F7-4668-BE54-9A1E7A4F7556}") = "Dotnext.Infrastructure.Persistence.Interfaces", "DotNext2020\Infrastructure\Dotnext.Infrastructure.Persistence.Interfaces\Dotnext.Infrastructure.Persistence.Interfaces.csproj", "{48097D15-00FF-406F-8140-274AC6460569}"
EndProject
Project("{9A19103F-16F7-4668-BE54-9A1E7A4F7556}") = "Dotnext.Infrastructure.Csv.Implementation", "DotNext2020\Infrastructure\Dotnext.Infrastructure.Csv.Implementation\Dotnext.Infrastructure.Csv.Implementation.csproj", "{E290491C-0449-4D11-90C3-7FB7678BCD1A}"
EndProject
Project("{9A19103F-16F7-4668-BE54-9A1E7A4F7556}") = "Dotnext.Infrastructure.Notifications.Implementation", "DotNext2020\Infrastructure\Dotnext.Infrastructure.Notifications.Implementation\Dotnext.Infrastructure.Notifications.Implementation.csproj", "{894B925A-D570-4C46-94E0-0F6303F89609}"
EndProject
Project("{9A19103F-16F7-4668-BE54-9A1E7A4F7556}") = "Dotnext.Infrastructure.Persistence.Implementation", "DotNext2020\Infrastructure\Dotnext.Infrastructure.Persistence.Implementation\Dotnext.Infrastructure.Persistence.Implementation.csproj", "{73239E9E-07BE-4D09-855E-5F4303A371AA}"
EndProject
Project("{9A19103F-16F7-4668-BE54-9A1E7A4F7556}") = "Dotnext.Infrastructure.Host.Interfaces", "DotNext2020\Infrastructure\Dotnext.Infrastructure.Host.Interfaces\Dotnext.Infrastructure.Host.Interfaces.csproj", "{6A70FF33-32DD-4B21-947B-EE9D77A60B42}"
EndProject
Project("{2150E333-8FDC-42A3-9474-1A3956D46DE8}") = "0 Shared", "0 Shared", "{6146D6FD-991E-443E-9117-478F01F6F6F6}"
EndProject
Project("{2150E333-8FDC-42A3-9474-1A3956D46DE8}") = "1 Domain", "1 Domain", "{CD85BE20-DB60-4065-BBF0-9A4C1B5126A3}"
EndProject
Project("{2150E333-8FDC-42A3-9474-1A3956D46DE8}") = "2 Infrastructure Interfaces", "2 Infrastructure Interfaces", "{3929D85B-B292-47B0-B64D-4D12BF594E8C}"
EndProject
Project("{2150E333-8FDC-42A3-9474-1A3956D46DE8}") = "6 Composition Root", "6 Composition Root", "{BAB55BAB-D332-4B36-9F2B-09BCB19FF134}"
EndProject
Project("{9A19103F-16F7-4668-BE54-9A1E7A4F7556}") = "Dotnext.WebHost", "DotNext2020\CompositionRoot\Dotnext.WebHost\Dotnext.WebHost.csproj", "{650587AD-123D-410F-8F03-9AF525171EC6}"
EndProject
Project("{9A19103F-16F7-4668-BE54-9A1E7A4F7556}") = "Dotnext.Common", "DotNext2020\Shared\Dotnext.Common\Dotnext.Common.csproj", "{1F26BEA3-36C1-4FD0-B915-6101E57130B2}"
EndProject
Project("{9A19103F-16F7-4668-BE54-9A1E7A4F7556}") = "Dotnext.Application", "DotNext2020\Application\Dotnext.Application\Dotnext.Application.csproj", "{FDCD350C-7C3D-491F-8782-9D68A6975186}"
EndProject
Project("{9A19103F-16F7-4668-BE54-9A1E7A4F7556}") = "Dotnext.Controllers", "DotNext2020\Controllers\Dotnext.Controllers\Dotnext.Controllers.csproj", "{223CAA1E-4CBD-43A8-B5C8-EAD32E786C5E}"
EndProject
Project("{9A19103F-16F7-4668-BE54-9A1E7A4F7556}") = "Dotnext.DomainServices", "DotNext2020\Domain\Dotnext.DomainServices\Dotnext.DomainServices.csproj", "{19C7DCB6-6BE1-4D94-9206-D32CDD6427B5}"
EndProject
Project("{9A19103F-16F7-4668-BE54-9A1E7A4F7556}") = "Dotnext.Domain", "DotNext2020\Domain\Dotnext.Domain\Dotnext.Domain.csproj", "{1C96DD07-59C7-44FA-B477-37647252F130}"
EndProject
Project("{9A19103F-16F7-4668-BE54-9A1E7A4F7556}") = "Dotnext.Domain.Services.Implementation", "DotNext2020\Domain\Dotnext.Domain.Services\Dotnext.Domain.Services.Implementation.csproj", "{39CFE635-6564-4994-80DE-E8BBE8A03222}"
EndProject
Project("{9A19103F-16F7-4668-BE54-9A1E7A4F7556}") = "Dotnext.Domain.Services.Interfaces", "DotNext2020\Domain\Dotnext.Domain.Services.Interfaces\Dotnext.Domain.Services.Interfaces.csproj", "{5DAB1A95-839E-45BD-8BF4-2291E805C51D}"
EndProject
Project("{9A19103F-16F7-4668-BE54-9A1E7A4F7556}") = "Dotnext.Application.Services.Interfaces", "DotNext2020\Application\Dotnext.Application.Services.Interfaces\Dotnext.Application.Services.Interfaces.csproj", "{B50B07E2-6AA0-47DF-AEA8-0E57E370CDA9}"
EndProject
Project("{9A19103F-16F7-4668-BE54-9A1E7A4F7556}") = "Dotnext.Application.Services.Implementation", "DotNext2020\Application\Dotnext.Application.Services.Implementation\Dotnext.Application.Services.Implementation.csproj", "{74EB3FFE-8C96-45F5-806B-C9E5291A7D8B}"
EndProject
Project("{2150E333-8FDC-42A3-9474-1A3956D46DE8}") = "MultipleProjects", "MultipleProjects", "{50609989-7E8F-481F-92DC-D1FC4080FC14}"
EndProject
Global
	GlobalSection(SolutionConfigurationPlatforms) = preSolution
		Debug|Any CPU = Debug|Any CPU
		Release|Any CPU = Release|Any CPU
	EndGlobalSection
	GlobalSection(ProjectConfigurationPlatforms) = postSolution
		{3C7E8164-A2CE-471A-9C15-E1A74E4BE9D9}.Debug|Any CPU.ActiveCfg = Debug|Any CPU
		{3C7E8164-A2CE-471A-9C15-E1A74E4BE9D9}.Debug|Any CPU.Build.0 = Debug|Any CPU
		{3C7E8164-A2CE-471A-9C15-E1A74E4BE9D9}.Release|Any CPU.ActiveCfg = Release|Any CPU
		{3C7E8164-A2CE-471A-9C15-E1A74E4BE9D9}.Release|Any CPU.Build.0 = Release|Any CPU
		{0A18018C-95CA-43CB-BFBF-5DB086E93009}.Debug|Any CPU.ActiveCfg = Debug|Any CPU
		{0A18018C-95CA-43CB-BFBF-5DB086E93009}.Debug|Any CPU.Build.0 = Debug|Any CPU
		{0A18018C-95CA-43CB-BFBF-5DB086E93009}.Release|Any CPU.ActiveCfg = Release|Any CPU
		{0A18018C-95CA-43CB-BFBF-5DB086E93009}.Release|Any CPU.Build.0 = Release|Any CPU
		{5FB1A4D7-D13E-47C3-9152-3890B8CA9C37}.Debug|Any CPU.ActiveCfg = Debug|Any CPU
		{5FB1A4D7-D13E-47C3-9152-3890B8CA9C37}.Debug|Any CPU.Build.0 = Debug|Any CPU
		{5FB1A4D7-D13E-47C3-9152-3890B8CA9C37}.Release|Any CPU.ActiveCfg = Release|Any CPU
		{5FB1A4D7-D13E-47C3-9152-3890B8CA9C37}.Release|Any CPU.Build.0 = Release|Any CPU
		{1C11E54E-54DB-47A2-9D10-03AFDA347F22}.Debug|Any CPU.ActiveCfg = Debug|Any CPU
		{1C11E54E-54DB-47A2-9D10-03AFDA347F22}.Debug|Any CPU.Build.0 = Debug|Any CPU
		{1C11E54E-54DB-47A2-9D10-03AFDA347F22}.Release|Any CPU.ActiveCfg = Release|Any CPU
		{1C11E54E-54DB-47A2-9D10-03AFDA347F22}.Release|Any CPU.Build.0 = Release|Any CPU
		{34BB0A51-74B9-46B6-BEAA-94A914F552EE}.Debug|Any CPU.ActiveCfg = Debug|Any CPU
		{34BB0A51-74B9-46B6-BEAA-94A914F552EE}.Debug|Any CPU.Build.0 = Debug|Any CPU
		{34BB0A51-74B9-46B6-BEAA-94A914F552EE}.Release|Any CPU.ActiveCfg = Release|Any CPU
		{34BB0A51-74B9-46B6-BEAA-94A914F552EE}.Release|Any CPU.Build.0 = Release|Any CPU
		{B3A105C1-F3E0-4290-A330-D0D3F29D2B26}.Debug|Any CPU.ActiveCfg = Debug|Any CPU
		{B3A105C1-F3E0-4290-A330-D0D3F29D2B26}.Debug|Any CPU.Build.0 = Debug|Any CPU
		{B3A105C1-F3E0-4290-A330-D0D3F29D2B26}.Release|Any CPU.ActiveCfg = Release|Any CPU
		{B3A105C1-F3E0-4290-A330-D0D3F29D2B26}.Release|Any CPU.Build.0 = Release|Any CPU
		{69E657A0-DE8D-4BA4-B9A9-77C8332321C6}.Debug|Any CPU.ActiveCfg = Debug|Any CPU
		{69E657A0-DE8D-4BA4-B9A9-77C8332321C6}.Debug|Any CPU.Build.0 = Debug|Any CPU
		{69E657A0-DE8D-4BA4-B9A9-77C8332321C6}.Release|Any CPU.ActiveCfg = Release|Any CPU
		{69E657A0-DE8D-4BA4-B9A9-77C8332321C6}.Release|Any CPU.Build.0 = Release|Any CPU
		{FD68C950-322B-467C-82A6-99C084BAB50B}.Debug|Any CPU.ActiveCfg = Debug|Any CPU
		{FD68C950-322B-467C-82A6-99C084BAB50B}.Debug|Any CPU.Build.0 = Debug|Any CPU
		{FD68C950-322B-467C-82A6-99C084BAB50B}.Release|Any CPU.ActiveCfg = Release|Any CPU
		{FD68C950-322B-467C-82A6-99C084BAB50B}.Release|Any CPU.Build.0 = Release|Any CPU
		{22B85BF9-27F9-4C0C-AB6D-C05014C022E5}.Debug|Any CPU.ActiveCfg = Debug|Any CPU
		{22B85BF9-27F9-4C0C-AB6D-C05014C022E5}.Debug|Any CPU.Build.0 = Debug|Any CPU
		{22B85BF9-27F9-4C0C-AB6D-C05014C022E5}.Release|Any CPU.ActiveCfg = Release|Any CPU
		{22B85BF9-27F9-4C0C-AB6D-C05014C022E5}.Release|Any CPU.Build.0 = Release|Any CPU
		{FCFF633E-3675-41FE-8A2C-18009C744C00}.Debug|Any CPU.ActiveCfg = Debug|Any CPU
		{FCFF633E-3675-41FE-8A2C-18009C744C00}.Debug|Any CPU.Build.0 = Debug|Any CPU
		{FCFF633E-3675-41FE-8A2C-18009C744C00}.Release|Any CPU.ActiveCfg = Release|Any CPU
		{FCFF633E-3675-41FE-8A2C-18009C744C00}.Release|Any CPU.Build.0 = Release|Any CPU
		{6BC31011-6833-43B2-8A72-70760FD4042F}.Debug|Any CPU.ActiveCfg = Debug|Any CPU
		{6BC31011-6833-43B2-8A72-70760FD4042F}.Debug|Any CPU.Build.0 = Debug|Any CPU
		{6BC31011-6833-43B2-8A72-70760FD4042F}.Release|Any CPU.ActiveCfg = Release|Any CPU
		{6BC31011-6833-43B2-8A72-70760FD4042F}.Release|Any CPU.Build.0 = Release|Any CPU
		{C1ED3B31-2F7C-4EFB-8024-D0795D8B852A}.Debug|Any CPU.ActiveCfg = Debug|Any CPU
		{C1ED3B31-2F7C-4EFB-8024-D0795D8B852A}.Debug|Any CPU.Build.0 = Debug|Any CPU
		{C1ED3B31-2F7C-4EFB-8024-D0795D8B852A}.Release|Any CPU.ActiveCfg = Release|Any CPU
		{C1ED3B31-2F7C-4EFB-8024-D0795D8B852A}.Release|Any CPU.Build.0 = Release|Any CPU
		{E56BDE05-27ED-4704-A573-C0BCD2C90A6F}.Debug|Any CPU.ActiveCfg = Debug|Any CPU
		{E56BDE05-27ED-4704-A573-C0BCD2C90A6F}.Debug|Any CPU.Build.0 = Debug|Any CPU
		{E56BDE05-27ED-4704-A573-C0BCD2C90A6F}.Release|Any CPU.ActiveCfg = Release|Any CPU
		{E56BDE05-27ED-4704-A573-C0BCD2C90A6F}.Release|Any CPU.Build.0 = Release|Any CPU
		{48097D15-00FF-406F-8140-274AC6460569}.Debug|Any CPU.ActiveCfg = Debug|Any CPU
		{48097D15-00FF-406F-8140-274AC6460569}.Debug|Any CPU.Build.0 = Debug|Any CPU
		{48097D15-00FF-406F-8140-274AC6460569}.Release|Any CPU.ActiveCfg = Release|Any CPU
		{48097D15-00FF-406F-8140-274AC6460569}.Release|Any CPU.Build.0 = Release|Any CPU
		{E290491C-0449-4D11-90C3-7FB7678BCD1A}.Debug|Any CPU.ActiveCfg = Debug|Any CPU
		{E290491C-0449-4D11-90C3-7FB7678BCD1A}.Debug|Any CPU.Build.0 = Debug|Any CPU
		{E290491C-0449-4D11-90C3-7FB7678BCD1A}.Release|Any CPU.ActiveCfg = Release|Any CPU
		{E290491C-0449-4D11-90C3-7FB7678BCD1A}.Release|Any CPU.Build.0 = Release|Any CPU
		{894B925A-D570-4C46-94E0-0F6303F89609}.Debug|Any CPU.ActiveCfg = Debug|Any CPU
		{894B925A-D570-4C46-94E0-0F6303F89609}.Debug|Any CPU.Build.0 = Debug|Any CPU
		{894B925A-D570-4C46-94E0-0F6303F89609}.Release|Any CPU.ActiveCfg = Release|Any CPU
		{894B925A-D570-4C46-94E0-0F6303F89609}.Release|Any CPU.Build.0 = Release|Any CPU
		{73239E9E-07BE-4D09-855E-5F4303A371AA}.Debug|Any CPU.ActiveCfg = Debug|Any CPU
		{73239E9E-07BE-4D09-855E-5F4303A371AA}.Debug|Any CPU.Build.0 = Debug|Any CPU
		{73239E9E-07BE-4D09-855E-5F4303A371AA}.Release|Any CPU.ActiveCfg = Release|Any CPU
		{73239E9E-07BE-4D09-855E-5F4303A371AA}.Release|Any CPU.Build.0 = Release|Any CPU
		{6A70FF33-32DD-4B21-947B-EE9D77A60B42}.Debug|Any CPU.ActiveCfg = Debug|Any CPU
		{6A70FF33-32DD-4B21-947B-EE9D77A60B42}.Debug|Any CPU.Build.0 = Debug|Any CPU
		{6A70FF33-32DD-4B21-947B-EE9D77A60B42}.Release|Any CPU.ActiveCfg = Release|Any CPU
		{6A70FF33-32DD-4B21-947B-EE9D77A60B42}.Release|Any CPU.Build.0 = Release|Any CPU
		{650587AD-123D-410F-8F03-9AF525171EC6}.Debug|Any CPU.ActiveCfg = Debug|Any CPU
		{650587AD-123D-410F-8F03-9AF525171EC6}.Debug|Any CPU.Build.0 = Debug|Any CPU
		{650587AD-123D-410F-8F03-9AF525171EC6}.Release|Any CPU.ActiveCfg = Release|Any CPU
		{650587AD-123D-410F-8F03-9AF525171EC6}.Release|Any CPU.Build.0 = Release|Any CPU
		{1F26BEA3-36C1-4FD0-B915-6101E57130B2}.Debug|Any CPU.ActiveCfg = Debug|Any CPU
		{1F26BEA3-36C1-4FD0-B915-6101E57130B2}.Debug|Any CPU.Build.0 = Debug|Any CPU
		{1F26BEA3-36C1-4FD0-B915-6101E57130B2}.Release|Any CPU.ActiveCfg = Release|Any CPU
		{1F26BEA3-36C1-4FD0-B915-6101E57130B2}.Release|Any CPU.Build.0 = Release|Any CPU
		{FDCD350C-7C3D-491F-8782-9D68A6975186}.Debug|Any CPU.ActiveCfg = Debug|Any CPU
		{FDCD350C-7C3D-491F-8782-9D68A6975186}.Debug|Any CPU.Build.0 = Debug|Any CPU
		{FDCD350C-7C3D-491F-8782-9D68A6975186}.Release|Any CPU.ActiveCfg = Release|Any CPU
		{FDCD350C-7C3D-491F-8782-9D68A6975186}.Release|Any CPU.Build.0 = Release|Any CPU
		{223CAA1E-4CBD-43A8-B5C8-EAD32E786C5E}.Debug|Any CPU.ActiveCfg = Debug|Any CPU
		{223CAA1E-4CBD-43A8-B5C8-EAD32E786C5E}.Debug|Any CPU.Build.0 = Debug|Any CPU
		{223CAA1E-4CBD-43A8-B5C8-EAD32E786C5E}.Release|Any CPU.ActiveCfg = Release|Any CPU
		{223CAA1E-4CBD-43A8-B5C8-EAD32E786C5E}.Release|Any CPU.Build.0 = Release|Any CPU
		{19C7DCB6-6BE1-4D94-9206-D32CDD6427B5}.Debug|Any CPU.ActiveCfg = Debug|Any CPU
		{19C7DCB6-6BE1-4D94-9206-D32CDD6427B5}.Debug|Any CPU.Build.0 = Debug|Any CPU
		{19C7DCB6-6BE1-4D94-9206-D32CDD6427B5}.Release|Any CPU.ActiveCfg = Release|Any CPU
		{19C7DCB6-6BE1-4D94-9206-D32CDD6427B5}.Release|Any CPU.Build.0 = Release|Any CPU
		{1C96DD07-59C7-44FA-B477-37647252F130}.Debug|Any CPU.ActiveCfg = Debug|Any CPU
		{1C96DD07-59C7-44FA-B477-37647252F130}.Debug|Any CPU.Build.0 = Debug|Any CPU
		{1C96DD07-59C7-44FA-B477-37647252F130}.Release|Any CPU.ActiveCfg = Release|Any CPU
		{1C96DD07-59C7-44FA-B477-37647252F130}.Release|Any CPU.Build.0 = Release|Any CPU
		{39CFE635-6564-4994-80DE-E8BBE8A03222}.Debug|Any CPU.ActiveCfg = Debug|Any CPU
		{39CFE635-6564-4994-80DE-E8BBE8A03222}.Debug|Any CPU.Build.0 = Debug|Any CPU
		{39CFE635-6564-4994-80DE-E8BBE8A03222}.Release|Any CPU.ActiveCfg = Release|Any CPU
		{39CFE635-6564-4994-80DE-E8BBE8A03222}.Release|Any CPU.Build.0 = Release|Any CPU
		{5DAB1A95-839E-45BD-8BF4-2291E805C51D}.Debug|Any CPU.ActiveCfg = Debug|Any CPU
		{5DAB1A95-839E-45BD-8BF4-2291E805C51D}.Debug|Any CPU.Build.0 = Debug|Any CPU
		{5DAB1A95-839E-45BD-8BF4-2291E805C51D}.Release|Any CPU.ActiveCfg = Release|Any CPU
		{5DAB1A95-839E-45BD-8BF4-2291E805C51D}.Release|Any CPU.Build.0 = Release|Any CPU
		{B50B07E2-6AA0-47DF-AEA8-0E57E370CDA9}.Debug|Any CPU.ActiveCfg = Debug|Any CPU
		{B50B07E2-6AA0-47DF-AEA8-0E57E370CDA9}.Debug|Any CPU.Build.0 = Debug|Any CPU
		{B50B07E2-6AA0-47DF-AEA8-0E57E370CDA9}.Release|Any CPU.ActiveCfg = Release|Any CPU
		{B50B07E2-6AA0-47DF-AEA8-0E57E370CDA9}.Release|Any CPU.Build.0 = Release|Any CPU
		{74EB3FFE-8C96-45F5-806B-C9E5291A7D8B}.Debug|Any CPU.ActiveCfg = Debug|Any CPU
		{74EB3FFE-8C96-45F5-806B-C9E5291A7D8B}.Debug|Any CPU.Build.0 = Debug|Any CPU
		{74EB3FFE-8C96-45F5-806B-C9E5291A7D8B}.Release|Any CPU.ActiveCfg = Release|Any CPU
		{74EB3FFE-8C96-45F5-806B-C9E5291A7D8B}.Release|Any CPU.Build.0 = Release|Any CPU
	EndGlobalSection
	GlobalSection(SolutionProperties) = preSolution
		HideSolutionNode = FALSE
	EndGlobalSection
	GlobalSection(NestedProjects) = preSolution
		{0FEB6ADF-29FD-48CE-AE0F-9E19E9209795} = {4B785E7E-2F35-4198-BD73-D2B861E5518A}
		{1EC1EEFF-3888-4125-9229-623C564F3E7E} = {4B785E7E-2F35-4198-BD73-D2B861E5518A}
		{833DEA57-A970-418C-831C-2355B8294766} = {4B785E7E-2F35-4198-BD73-D2B861E5518A}
		{3C7E8164-A2CE-471A-9C15-E1A74E4BE9D9} = {0FEB6ADF-29FD-48CE-AE0F-9E19E9209795}
		{0A18018C-95CA-43CB-BFBF-5DB086E93009} = {0FEB6ADF-29FD-48CE-AE0F-9E19E9209795}
		{5FB1A4D7-D13E-47C3-9152-3890B8CA9C37} = {0FEB6ADF-29FD-48CE-AE0F-9E19E9209795}
		{1C11E54E-54DB-47A2-9D10-03AFDA347F22} = {1EC1EEFF-3888-4125-9229-623C564F3E7E}
		{34BB0A51-74B9-46B6-BEAA-94A914F552EE} = {1EC1EEFF-3888-4125-9229-623C564F3E7E}
		{B3A105C1-F3E0-4290-A330-D0D3F29D2B26} = {833DEA57-A970-418C-831C-2355B8294766}
		{69E657A0-DE8D-4BA4-B9A9-77C8332321C6} = {9FEDAEFB-297C-4201-8FAA-F502F94CAFED}
		{FD68C950-322B-467C-82A6-99C084BAB50B} = {9FEDAEFB-297C-4201-8FAA-F502F94CAFED}
		{22B85BF9-27F9-4C0C-AB6D-C05014C022E5} = {9FEDAEFB-297C-4201-8FAA-F502F94CAFED}
		{FCFF633E-3675-41FE-8A2C-18009C744C00} = {9FEDAEFB-297C-4201-8FAA-F502F94CAFED}
		{8B93B054-E8B3-4A5E-91D4-BD96C6DE9450} = {D58D6508-32EF-440C-8077-EA9D225E2FD1}
		{C3F694E9-E850-488E-93B8-5752827F59F7} = {CD85BE20-DB60-4065-BBF0-9A4C1B5126A3}
		{1BD5A434-68BD-425D-84AC-A1A24DD628E7} = {D58D6508-32EF-440C-8077-EA9D225E2FD1}
		{6BC31011-6833-43B2-8A72-70760FD4042F} = {3929D85B-B292-47B0-B64D-4D12BF594E8C}
		{5E3E8A40-10EB-4E91-B0A0-D3DC824E4A53} = {D58D6508-32EF-440C-8077-EA9D225E2FD1}
		{C1ED3B31-2F7C-4EFB-8024-D0795D8B852A} = {50609989-7E8F-481F-92DC-D1FC4080FC14}
		{E56BDE05-27ED-4704-A573-C0BCD2C90A6F} = {50609989-7E8F-481F-92DC-D1FC4080FC14}
		{48097D15-00FF-406F-8140-274AC6460569} = {50609989-7E8F-481F-92DC-D1FC4080FC14}
		{E290491C-0449-4D11-90C3-7FB7678BCD1A} = {1BD5A434-68BD-425D-84AC-A1A24DD628E7}
		{894B925A-D570-4C46-94E0-0F6303F89609} = {1BD5A434-68BD-425D-84AC-A1A24DD628E7}
		{73239E9E-07BE-4D09-855E-5F4303A371AA} = {1BD5A434-68BD-425D-84AC-A1A24DD628E7}
		{6A70FF33-32DD-4B21-947B-EE9D77A60B42} = {50609989-7E8F-481F-92DC-D1FC4080FC14}
		{6146D6FD-991E-443E-9117-478F01F6F6F6} = {D58D6508-32EF-440C-8077-EA9D225E2FD1}
		{CD85BE20-DB60-4065-BBF0-9A4C1B5126A3} = {D58D6508-32EF-440C-8077-EA9D225E2FD1}
		{3929D85B-B292-47B0-B64D-4D12BF594E8C} = {D58D6508-32EF-440C-8077-EA9D225E2FD1}
		{BAB55BAB-D332-4B36-9F2B-09BCB19FF134} = {D58D6508-32EF-440C-8077-EA9D225E2FD1}
		{650587AD-123D-410F-8F03-9AF525171EC6} = {BAB55BAB-D332-4B36-9F2B-09BCB19FF134}
		{1F26BEA3-36C1-4FD0-B915-6101E57130B2} = {6146D6FD-991E-443E-9117-478F01F6F6F6}
		{FDCD350C-7C3D-491F-8782-9D68A6975186} = {8B93B054-E8B3-4A5E-91D4-BD96C6DE9450}
		{223CAA1E-4CBD-43A8-B5C8-EAD32E786C5E} = {5E3E8A40-10EB-4E91-B0A0-D3DC824E4A53}
		{19C7DCB6-6BE1-4D94-9206-D32CDD6427B5} = {C3F694E9-E850-488E-93B8-5752827F59F7}
		{1C96DD07-59C7-44FA-B477-37647252F130} = {CD85BE20-DB60-4065-BBF0-9A4C1B5126A3}
		{39CFE635-6564-4994-80DE-E8BBE8A03222} = {CD85BE20-DB60-4065-BBF0-9A4C1B5126A3}
		{5DAB1A95-839E-45BD-8BF4-2291E805C51D} = {CD85BE20-DB60-4065-BBF0-9A4C1B5126A3}
		{B50B07E2-6AA0-47DF-AEA8-0E57E370CDA9} = {8B93B054-E8B3-4A5E-91D4-BD96C6DE9450}
		{74EB3FFE-8C96-45F5-806B-C9E5291A7D8B} = {8B93B054-E8B3-4A5E-91D4-BD96C6DE9450}
		{50609989-7E8F-481F-92DC-D1FC4080FC14} = {3929D85B-B292-47B0-B64D-4D12BF594E8C}
	EndGlobalSection
	GlobalSection(ExtensibilityGlobals) = postSolution
		SolutionGuid = {0D5D0CA3-C6B8-436C-82B0-39820C8A13FA}
	EndGlobalSection
EndGlobal
